<?xml version="1.0" encoding="UTF-8" standalone="yes" ?>
<CodeBlocks_project_file>
   <FileVersion major="1" minor="6" />
   <Project>
      <Option title="suffix_automaton" />
      <Option makefile_is_custom="1" />
      <Option compiler="gcc" />
      <Option virtualFolders="CMake Files\;" />
      <Build>
      <Target title="all">
         <Option working_dir="/home/mur/code/LABS/suffix_automaton/CMake_build" />
         <Option type="4" />
         <MakeCommands>
            <Build command="/usr/bin/make -f &quot;/home/mur/code/LABS/suffix_automaton/CMake_build/Makefile&quot;  VERBOSE=1 all" />
            <CompileFile command="/usr/bin/make -f &quot;/home/mur/code/LABS/suffix_automaton/CMake_build/Makefile&quot;  VERBOSE=1 &quot;$file&quot;" />
            <Clean command="/usr/bin/make -f &quot;/home/mur/code/LABS/suffix_automaton/CMake_build/Makefile&quot;  VERBOSE=1 clean" />
            <DistClean command="/usr/bin/make -f &quot;/home/mur/code/LABS/suffix_automaton/CMake_build/Makefile&quot;  VERBOSE=1 clean" />
         </MakeCommands>
      </Target>
      <Target title="rebuild_cache">
         <Option working_dir="/home/mur/code/LABS/suffix_automaton/CMake_build" />
         <Option type="4" />
         <MakeCommands>
            <Build command="/usr/bin/make -f &quot;/home/mur/code/LABS/suffix_automaton/CMake_build/Makefile&quot;  VERBOSE=1 rebuild_cache" />
            <CompileFile command="/usr/bin/make -f &quot;/home/mur/code/LABS/suffix_automaton/CMake_build/Makefile&quot;  VERBOSE=1 &quot;$file&quot;" />
            <Clean command="/usr/bin/make -f &quot;/home/mur/code/LABS/suffix_automaton/CMake_build/Makefile&quot;  VERBOSE=1 clean" />
            <DistClean command="/usr/bin/make -f &quot;/home/mur/code/LABS/suffix_automaton/CMake_build/Makefile&quot;  VERBOSE=1 clean" />
         </MakeCommands>
      </Target>
      <Target title="suffix_automaton">
         <Option output="/home/mur/code/LABS/suffix_automaton/CMake_build/suffix_automaton" prefix_auto="0" extension_auto="0" />
         <Option working_dir="/home/mur/code/LABS/suffix_automaton/CMake_build" />
         <Option object_output="./" />
         <Option type="1" />
         <Option compiler="gcc" />
         <Compiler>
            <Add directory="/usr/include" />
            <Add directory="/usr/lib/gcc/x86_64-unknown-linux-gnu/4.7.2/../../../../include/c++/4.7.2" />
            <Add directory="/usr/lib/gcc/x86_64-unknown-linux-gnu/4.7.2/../../../../include/c++/4.7.2/backward" />
            <Add directory="/usr/lib/gcc/x86_64-unknown-linux-gnu/4.7.2/../../../../include/c++/4.7.2/x86_64-unknown-linux-gnu" />
            <Add directory="/usr/lib/gcc/x86_64-unknown-linux-gnu/4.7.2/include" />
            <Add directory="/usr/lib/gcc/x86_64-unknown-linux-gnu/4.7.2/include-fixed" />
            <Add directory="/usr/local/include" />
         </Compiler>
         <MakeCommands>
            <Build command="/usr/bin/make -f &quot;/home/mur/code/LABS/suffix_automaton/CMake_build/Makefile&quot;  VERBOSE=1 suffix_automaton" />
            <CompileFile command="/usr/bin/make -f &quot;/home/mur/code/LABS/suffix_automaton/CMake_build/Makefile&quot;  VERBOSE=1 &quot;$file&quot;" />
            <Clean command="/usr/bin/make -f &quot;/home/mur/code/LABS/suffix_automaton/CMake_build/Makefile&quot;  VERBOSE=1 clean" />
            <DistClean command="/usr/bin/make -f &quot;/home/mur/code/LABS/suffix_automaton/CMake_build/Makefile&quot;  VERBOSE=1 clean" />
         </MakeCommands>
      </Target>
      <Target title="suffix_automaton/fast">
         <Option output="/home/mur/code/LABS/suffix_automaton/CMake_build/suffix_automaton" prefix_auto="0" extension_auto="0" />
         <Option working_dir="/home/mur/code/LABS/suffix_automaton/CMake_build" />
         <Option object_output="./" />
         <Option type="1" />
         <Option compiler="gcc" />
         <Compiler>
            <Add directory="/usr/include" />
            <Add directory="/usr/lib/gcc/x86_64-unknown-linux-gnu/4.7.2/../../../../include/c++/4.7.2" />
            <Add directory="/usr/lib/gcc/x86_64-unknown-linux-gnu/4.7.2/../../../../include/c++/4.7.2/backward" />
            <Add directory="/usr/lib/gcc/x86_64-unknown-linux-gnu/4.7.2/../../../../include/c++/4.7.2/x86_64-unknown-linux-gnu" />
            <Add directory="/usr/lib/gcc/x86_64-unknown-linux-gnu/4.7.2/include" />
            <Add directory="/usr/lib/gcc/x86_64-unknown-linux-gnu/4.7.2/include-fixed" />
            <Add directory="/usr/local/include" />
         </Compiler>
         <MakeCommands>
            <Build command="/usr/bin/make -f &quot;/home/mur/code/LABS/suffix_automaton/CMake_build/Makefile&quot;  VERBOSE=1 suffix_automaton/fast" />
            <CompileFile command="/usr/bin/make -f &quot;/home/mur/code/LABS/suffix_automaton/CMake_build/Makefile&quot;  VERBOSE=1 &quot;$file&quot;" />
            <Clean command="/usr/bin/make -f &quot;/home/mur/code/LABS/suffix_automaton/CMake_build/Makefile&quot;  VERBOSE=1 clean" />
            <DistClean command="/usr/bin/make -f &quot;/home/mur/code/LABS/suffix_automaton/CMake_build/Makefile&quot;  VERBOSE=1 clean" />
         </MakeCommands>
      </Target>
      </Build>
      <Unit filename="/home/mur/code/LABS/suffix_automaton/main.cpp">
      </Unit>
      <Unit filename="/home/mur/code/LABS/suffix_automaton/suffix_automaton.cpp">
      </Unit>
      <Unit filename="/home/mur/code/LABS/suffix_automaton/suffix_automaton.h">
      </Unit>
      <Unit filename="/home/mur/code/LABS/suffix_automaton/CMakeLists.txt">
          <Option virtualFolder="CMake Files\" />
      </Unit>
   </Project>
</CodeBlocks_project_file>
